// !$*UTF8*$!
{
	archiveVersion = 1;
	classes = {
	};
	objectVersion = 48;
	objects = {

/* Begin PBXBuildFile section */
		026DBD664F94ACF580346BF0 /* Pods_FringeApp_iOSUITests.framework in Frameworks */ = {isa = PBXBuildFile; fileRef = D0F5B542EF5FE22C64C9ACF4 /* Pods_FringeApp_iOSUITests.framework */; };
		4A7F7A05C44E9CF3FC1B893F /* Pods_FringeApp_iOS.framework in Frameworks */ = {isa = PBXBuildFile; fileRef = 986BB20FCA74A69316B9CE53 /* Pods_FringeApp_iOS.framework */; };
		D08156FE202BD47A008DB5D6 /* AppDelegate.swift in Sources */ = {isa = PBXBuildFile; fileRef = D08156FD202BD47A008DB5D6 /* AppDelegate.swift */; };
		D0815700202BD47A008DB5D6 /* ViewController.swift in Sources */ = {isa = PBXBuildFile; fileRef = D08156FF202BD47A008DB5D6 /* ViewController.swift */; };
		D0815703202BD47A008DB5D6 /* Main.storyboard in Resources */ = {isa = PBXBuildFile; fileRef = D0815701202BD47A008DB5D6 /* Main.storyboard */; };
		D0815705202BD47A008DB5D6 /* Assets.xcassets in Resources */ = {isa = PBXBuildFile; fileRef = D0815704202BD47A008DB5D6 /* Assets.xcassets */; };
		D0815708202BD47A008DB5D6 /* LaunchScreen.storyboard in Resources */ = {isa = PBXBuildFile; fileRef = D0815706202BD47A008DB5D6 /* LaunchScreen.storyboard */; };
		D0815713202BD47A008DB5D6 /* FringeApp_iOSTests.swift in Sources */ = {isa = PBXBuildFile; fileRef = D0815712202BD47A008DB5D6 /* FringeApp_iOSTests.swift */; };
		D081571E202BD47A008DB5D6 /* FringeApp_iOSUITests.swift in Sources */ = {isa = PBXBuildFile; fileRef = D081571D202BD47A008DB5D6 /* FringeApp_iOSUITests.swift */; };
		ECC47C50EE6D8B064CCE5DCF /* Pods_FringeApp_iOSTests.framework in Frameworks */ = {isa = PBXBuildFile; fileRef = E9BE6A41DB6222C06B483D1A /* Pods_FringeApp_iOSTests.framework */; };
/* End PBXBuildFile section */

/* Begin PBXContainerItemProxy section */
		D081570F202BD47A008DB5D6 /* PBXContainerItemProxy */ = {
			isa = PBXContainerItemProxy;
			containerPortal = D08156F2202BD47A008DB5D6 /* Project object */;
			proxyType = 1;
			remoteGlobalIDString = D08156F9202BD47A008DB5D6;
			remoteInfo = "FringeApp-iOS";
		};
		D081571A202BD47A008DB5D6 /* PBXContainerItemProxy */ = {
			isa = PBXContainerItemProxy;
			containerPortal = D08156F2202BD47A008DB5D6 /* Project object */;
			proxyType = 1;
			remoteGlobalIDString = D08156F9202BD47A008DB5D6;
			remoteInfo = "FringeApp-iOS";
		};
/* End PBXContainerItemProxy section */

/* Begin PBXFileReference section */
		2D04235F307316A9D693B3B7 /* Pods-FringeApp-iOSUITests.debug.xcconfig */ = {isa = PBXFileReference; includeInIndex = 1; lastKnownFileType = text.xcconfig; name = "Pods-FringeApp-iOSUITests.debug.xcconfig"; path = "Pods/Target Support Files/Pods-FringeApp-iOSUITests/Pods-FringeApp-iOSUITests.debug.xcconfig"; sourceTree = "<group>"; };
		7AE33A3DD7CDB560544C6BF3 /* Pods-FringeApp-iOS.release.xcconfig */ = {isa = PBXFileReference; includeInIndex = 1; lastKnownFileType = text.xcconfig; name = "Pods-FringeApp-iOS.release.xcconfig"; path = "Pods/Target Support Files/Pods-FringeApp-iOS/Pods-FringeApp-iOS.release.xcconfig"; sourceTree = "<group>"; };
		8DDB69208EDBC540CEBC7369 /* Pods-FringeApp-iOSUITests.release.xcconfig */ = {isa = PBXFileReference; includeInIndex = 1; lastKnownFileType = text.xcconfig; name = "Pods-FringeApp-iOSUITests.release.xcconfig"; path = "Pods/Target Support Files/Pods-FringeApp-iOSUITests/Pods-FringeApp-iOSUITests.release.xcconfig"; sourceTree = "<group>"; };
		986BB20FCA74A69316B9CE53 /* Pods_FringeApp_iOS.framework */ = {isa = PBXFileReference; explicitFileType = wrapper.framework; includeInIndex = 0; path = Pods_FringeApp_iOS.framework; sourceTree = BUILT_PRODUCTS_DIR; };
		9DE7A81F92AF58DDD8D1D9C0 /* Pods-FringeApp-iOSTests.debug.xcconfig */ = {isa = PBXFileReference; includeInIndex = 1; lastKnownFileType = text.xcconfig; name = "Pods-FringeApp-iOSTests.debug.xcconfig"; path = "Pods/Target Support Files/Pods-FringeApp-iOSTests/Pods-FringeApp-iOSTests.debug.xcconfig"; sourceTree = "<group>"; };
		C850FC6FAAA0B0935F6253C3 /* Pods-FringeApp-iOS.debug.xcconfig */ = {isa = PBXFileReference; includeInIndex = 1; lastKnownFileType = text.xcconfig; name = "Pods-FringeApp-iOS.debug.xcconfig"; path = "Pods/Target Support Files/Pods-FringeApp-iOS/Pods-FringeApp-iOS.debug.xcconfig"; sourceTree = "<group>"; };
		D08156FA202BD47A008DB5D6 /* FringeApp-iOS.app */ = {isa = PBXFileReference; explicitFileType = wrapper.application; includeInIndex = 0; path = "FringeApp-iOS.app"; sourceTree = BUILT_PRODUCTS_DIR; };
		D08156FD202BD47A008DB5D6 /* AppDelegate.swift */ = {isa = PBXFileReference; lastKnownFileType = sourcecode.swift; path = AppDelegate.swift; sourceTree = "<group>"; };
		D08156FF202BD47A008DB5D6 /* ViewController.swift */ = {isa = PBXFileReference; lastKnownFileType = sourcecode.swift; path = ViewController.swift; sourceTree = "<group>"; };
		D0815702202BD47A008DB5D6 /* Base */ = {isa = PBXFileReference; lastKnownFileType = file.storyboard; name = Base; path = Base.lproj/Main.storyboard; sourceTree = "<group>"; };
		D0815704202BD47A008DB5D6 /* Assets.xcassets */ = {isa = PBXFileReference; lastKnownFileType = folder.assetcatalog; path = Assets.xcassets; sourceTree = "<group>"; };
		D0815707202BD47A008DB5D6 /* Base */ = {isa = PBXFileReference; lastKnownFileType = file.storyboard; name = Base; path = Base.lproj/LaunchScreen.storyboard; sourceTree = "<group>"; };
		D0815709202BD47A008DB5D6 /* Info.plist */ = {isa = PBXFileReference; lastKnownFileType = text.plist.xml; path = Info.plist; sourceTree = "<group>"; };
		D081570E202BD47A008DB5D6 /* FringeApp-iOSTests.xctest */ = {isa = PBXFileReference; explicitFileType = wrapper.cfbundle; includeInIndex = 0; path = "FringeApp-iOSTests.xctest"; sourceTree = BUILT_PRODUCTS_DIR; };
		D0815712202BD47A008DB5D6 /* FringeApp_iOSTests.swift */ = {isa = PBXFileReference; lastKnownFileType = sourcecode.swift; path = FringeApp_iOSTests.swift; sourceTree = "<group>"; };
		D0815714202BD47A008DB5D6 /* Info.plist */ = {isa = PBXFileReference; lastKnownFileType = text.plist.xml; path = Info.plist; sourceTree = "<group>"; };
		D0815719202BD47A008DB5D6 /* FringeApp-iOSUITests.xctest */ = {isa = PBXFileReference; explicitFileType = wrapper.cfbundle; includeInIndex = 0; path = "FringeApp-iOSUITests.xctest"; sourceTree = BUILT_PRODUCTS_DIR; };
		D081571D202BD47A008DB5D6 /* FringeApp_iOSUITests.swift */ = {isa = PBXFileReference; lastKnownFileType = sourcecode.swift; path = FringeApp_iOSUITests.swift; sourceTree = "<group>"; };
		D081571F202BD47A008DB5D6 /* Info.plist */ = {isa = PBXFileReference; lastKnownFileType = text.plist.xml; path = Info.plist; sourceTree = "<group>"; };
		D0F5B542EF5FE22C64C9ACF4 /* Pods_FringeApp_iOSUITests.framework */ = {isa = PBXFileReference; explicitFileType = wrapper.framework; includeInIndex = 0; path = Pods_FringeApp_iOSUITests.framework; sourceTree = BUILT_PRODUCTS_DIR; };
		DF7263ACADE0AB18EE007B6E /* Pods-FringeApp-iOSTests.release.xcconfig */ = {isa = PBXFileReference; includeInIndex = 1; lastKnownFileType = text.xcconfig; name = "Pods-FringeApp-iOSTests.release.xcconfig"; path = "Pods/Target Support Files/Pods-FringeApp-iOSTests/Pods-FringeApp-iOSTests.release.xcconfig"; sourceTree = "<group>"; };
		E9BE6A41DB6222C06B483D1A /* Pods_FringeApp_iOSTests.framework */ = {isa = PBXFileReference; explicitFileType = wrapper.framework; includeInIndex = 0; path = Pods_FringeApp_iOSTests.framework; sourceTree = BUILT_PRODUCTS_DIR; };
/* End PBXFileReference section */

/* Begin PBXFrameworksBuildPhase section */
		D08156F7202BD47A008DB5D6 /* Frameworks */ = {
			isa = PBXFrameworksBuildPhase;
			buildActionMask = 2147483647;
			files = (
				4A7F7A05C44E9CF3FC1B893F /* Pods_FringeApp_iOS.framework in Frameworks */,
			);
			runOnlyForDeploymentPostprocessing = 0;
		};
		D081570B202BD47A008DB5D6 /* Frameworks */ = {
			isa = PBXFrameworksBuildPhase;
			buildActionMask = 2147483647;
			files = (
				ECC47C50EE6D8B064CCE5DCF /* Pods_FringeApp_iOSTests.framework in Frameworks */,
			);
			runOnlyForDeploymentPostprocessing = 0;
		};
		D0815716202BD47A008DB5D6 /* Frameworks */ = {
			isa = PBXFrameworksBuildPhase;
			buildActionMask = 2147483647;
			files = (
				026DBD664F94ACF580346BF0 /* Pods_FringeApp_iOSUITests.framework in Frameworks */,
			);
			runOnlyForDeploymentPostprocessing = 0;
		};
/* End PBXFrameworksBuildPhase section */

/* Begin PBXGroup section */
		4CC7088CB514D7B9E0E44780 /* Pods */ = {
			isa = PBXGroup;
			children = (
				C850FC6FAAA0B0935F6253C3 /* Pods-FringeApp-iOS.debug.xcconfig */,
				7AE33A3DD7CDB560544C6BF3 /* Pods-FringeApp-iOS.release.xcconfig */,
				9DE7A81F92AF58DDD8D1D9C0 /* Pods-FringeApp-iOSTests.debug.xcconfig */,
				DF7263ACADE0AB18EE007B6E /* Pods-FringeApp-iOSTests.release.xcconfig */,
				2D04235F307316A9D693B3B7 /* Pods-FringeApp-iOSUITests.debug.xcconfig */,
				8DDB69208EDBC540CEBC7369 /* Pods-FringeApp-iOSUITests.release.xcconfig */,
			);
			name = Pods;
			sourceTree = "<group>";
		};
		8246DC9C9C94B811DF353EF5 /* Frameworks */ = {
			isa = PBXGroup;
			children = (
				986BB20FCA74A69316B9CE53 /* Pods_FringeApp_iOS.framework */,
				E9BE6A41DB6222C06B483D1A /* Pods_FringeApp_iOSTests.framework */,
				D0F5B542EF5FE22C64C9ACF4 /* Pods_FringeApp_iOSUITests.framework */,
			);
			name = Frameworks;
			sourceTree = "<group>";
		};
		D08156F1202BD47A008DB5D6 = {
			isa = PBXGroup;
			children = (
				D08156FC202BD47A008DB5D6 /* FringeApp-iOS */,
				D0815711202BD47A008DB5D6 /* FringeApp-iOSTests */,
				D081571C202BD47A008DB5D6 /* FringeApp-iOSUITests */,
				D08156FB202BD47A008DB5D6 /* Products */,
				4CC7088CB514D7B9E0E44780 /* Pods */,
				8246DC9C9C94B811DF353EF5 /* Frameworks */,
			);
			sourceTree = "<group>";
		};
		D08156FB202BD47A008DB5D6 /* Products */ = {
			isa = PBXGroup;
			children = (
				D08156FA202BD47A008DB5D6 /* FringeApp-iOS.app */,
				D081570E202BD47A008DB5D6 /* FringeApp-iOSTests.xctest */,
				D0815719202BD47A008DB5D6 /* FringeApp-iOSUITests.xctest */,
			);
			name = Products;
			sourceTree = "<group>";
		};
		D08156FC202BD47A008DB5D6 /* FringeApp-iOS */ = {
			isa = PBXGroup;
			children = (
				D08156FD202BD47A008DB5D6 /* AppDelegate.swift */,
				D08156FF202BD47A008DB5D6 /* ViewController.swift */,
				D0815701202BD47A008DB5D6 /* Main.storyboard */,
				D0815704202BD47A008DB5D6 /* Assets.xcassets */,
				D0815706202BD47A008DB5D6 /* LaunchScreen.storyboard */,
				D0815709202BD47A008DB5D6 /* Info.plist */,
			);
			path = "FringeApp-iOS";
			sourceTree = "<group>";
		};
		D0815711202BD47A008DB5D6 /* FringeApp-iOSTests */ = {
			isa = PBXGroup;
			children = (
				D0815712202BD47A008DB5D6 /* FringeApp_iOSTests.swift */,
				D0815714202BD47A008DB5D6 /* Info.plist */,
			);
			path = "FringeApp-iOSTests";
			sourceTree = "<group>";
		};
		D081571C202BD47A008DB5D6 /* FringeApp-iOSUITests */ = {
			isa = PBXGroup;
			children = (
				D081571D202BD47A008DB5D6 /* FringeApp_iOSUITests.swift */,
				D081571F202BD47A008DB5D6 /* Info.plist */,
			);
			path = "FringeApp-iOSUITests";
			sourceTree = "<group>";
		};
/* End PBXGroup section */

/* Begin PBXNativeTarget section */
		D08156F9202BD47A008DB5D6 /* FringeApp-iOS */ = {
			isa = PBXNativeTarget;
			buildConfigurationList = D0815722202BD47A008DB5D6 /* Build configuration list for PBXNativeTarget "FringeApp-iOS" */;
			buildPhases = (
				8D7DCDD048D0557E40B01D4E /* [CP] Check Pods Manifest.lock */,
				D08156F6202BD47A008DB5D6 /* Sources */,
				D08156F7202BD47A008DB5D6 /* Frameworks */,
				D08156F8202BD47A008DB5D6 /* Resources */,
				73231C192D8F807882853115 /* [CP] Embed Pods Frameworks */,
				74D56BA7545ECA5665723B12 /* [CP] Copy Pods Resources */,
			);
			buildRules = (
			);
			dependencies = (
			);
			name = "FringeApp-iOS";
			productName = "FringeApp-iOS";
			productReference = D08156FA202BD47A008DB5D6 /* FringeApp-iOS.app */;
			productType = "com.apple.product-type.application";
		};
		D081570D202BD47A008DB5D6 /* FringeApp-iOSTests */ = {
			isa = PBXNativeTarget;
			buildConfigurationList = D0815725202BD47A008DB5D6 /* Build configuration list for PBXNativeTarget "FringeApp-iOSTests" */;
			buildPhases = (
				00DCDDC227D4626D06AC3BA9 /* [CP] Check Pods Manifest.lock */,
				D081570A202BD47A008DB5D6 /* Sources */,
				D081570B202BD47A008DB5D6 /* Frameworks */,
				D081570C202BD47A008DB5D6 /* Resources */,
				74D861DDC4B8DAC934E57F8F /* [CP] Embed Pods Frameworks */,
				FF81B6D3F4BA33E37E31C478 /* [CP] Copy Pods Resources */,
			);
			buildRules = (
			);
			dependencies = (
				D0815710202BD47A008DB5D6 /* PBXTargetDependency */,
			);
			name = "FringeApp-iOSTests";
			productName = "FringeApp-iOSTests";
			productReference = D081570E202BD47A008DB5D6 /* FringeApp-iOSTests.xctest */;
			productType = "com.apple.product-type.bundle.unit-test";
		};
		D0815718202BD47A008DB5D6 /* FringeApp-iOSUITests */ = {
			isa = PBXNativeTarget;
			buildConfigurationList = D0815728202BD47A008DB5D6 /* Build configuration list for PBXNativeTarget "FringeApp-iOSUITests" */;
			buildPhases = (
				A4DD643944975F29A83F23E4 /* [CP] Check Pods Manifest.lock */,
				D0815715202BD47A008DB5D6 /* Sources */,
				D0815716202BD47A008DB5D6 /* Frameworks */,
				D0815717202BD47A008DB5D6 /* Resources */,
				FC01AC901CF6E68F23A93161 /* [CP] Embed Pods Frameworks */,
				3498525D94965A40577630D5 /* [CP] Copy Pods Resources */,
			);
			buildRules = (
			);
			dependencies = (
				D081571B202BD47A008DB5D6 /* PBXTargetDependency */,
			);
			name = "FringeApp-iOSUITests";
			productName = "FringeApp-iOSUITests";
			productReference = D0815719202BD47A008DB5D6 /* FringeApp-iOSUITests.xctest */;
			productType = "com.apple.product-type.bundle.ui-testing";
		};
/* End PBXNativeTarget section */

/* Begin PBXProject section */
		D08156F2202BD47A008DB5D6 /* Project object */ = {
			isa = PBXProject;
			attributes = {
				LastSwiftUpdateCheck = 0920;
				LastUpgradeCheck = 0920;
				ORGANIZATIONNAME = "Peter Singh";
				TargetAttributes = {
					D08156F9202BD47A008DB5D6 = {
						CreatedOnToolsVersion = 9.2;
						ProvisioningStyle = Automatic;
					};
					D081570D202BD47A008DB5D6 = {
						CreatedOnToolsVersion = 9.2;
						ProvisioningStyle = Automatic;
						TestTargetID = D08156F9202BD47A008DB5D6;
					};
					D0815718202BD47A008DB5D6 = {
						CreatedOnToolsVersion = 9.2;
						ProvisioningStyle = Automatic;
						TestTargetID = D08156F9202BD47A008DB5D6;
					};
				};
			};
			buildConfigurationList = D08156F5202BD47A008DB5D6 /* Build configuration list for PBXProject "FringeApp-iOS" */;
			compatibilityVersion = "Xcode 8.0";
			developmentRegion = en;
			hasScannedForEncodings = 0;
			knownRegions = (
				en,
				Base,
			);
			mainGroup = D08156F1202BD47A008DB5D6;
			productRefGroup = D08156FB202BD47A008DB5D6 /* Products */;
			projectDirPath = "";
			projectRoot = "";
			targets = (
				D08156F9202BD47A008DB5D6 /* FringeApp-iOS */,
				D081570D202BD47A008DB5D6 /* FringeApp-iOSTests */,
				D0815718202BD47A008DB5D6 /* FringeApp-iOSUITests */,
			);
		};
/* End PBXProject section */

/* Begin PBXResourcesBuildPhase section */
		D08156F8202BD47A008DB5D6 /* Resources */ = {
			isa = PBXResourcesBuildPhase;
			buildActionMask = 2147483647;
			files = (
				D0815708202BD47A008DB5D6 /* LaunchScreen.storyboard in Resources */,
				D0815705202BD47A008DB5D6 /* Assets.xcassets in Resources */,
				D0815703202BD47A008DB5D6 /* Main.storyboard in Resources */,
			);
			runOnlyForDeploymentPostprocessing = 0;
		};
		D081570C202BD47A008DB5D6 /* Resources */ = {
			isa = PBXResourcesBuildPhase;
			buildActionMask = 2147483647;
			files = (
			);
			runOnlyForDeploymentPostprocessing = 0;
		};
		D0815717202BD47A008DB5D6 /* Resources */ = {
			isa = PBXResourcesBuildPhase;
			buildActionMask = 2147483647;
			files = (
			);
			runOnlyForDeploymentPostprocessing = 0;
		};
/* End PBXResourcesBuildPhase section */

/* Begin PBXShellScriptBuildPhase section */
		00DCDDC227D4626D06AC3BA9 /* [CP] Check Pods Manifest.lock */ = {
			isa = PBXShellScriptBuildPhase;
			buildActionMask = 2147483647;
			files = (
			);
			inputPaths = (
				"${PODS_PODFILE_DIR_PATH}/Podfile.lock",
				"${PODS_ROOT}/Manifest.lock",
			);
			name = "[CP] Check Pods Manifest.lock";
			outputPaths = (
				"$(DERIVED_FILE_DIR)/Pods-FringeApp-iOSTests-checkManifestLockResult.txt",
			);
			runOnlyForDeploymentPostprocessing = 0;
			shellPath = /bin/sh;
			shellScript = "diff \"${PODS_PODFILE_DIR_PATH}/Podfile.lock\" \"${PODS_ROOT}/Manifest.lock\" > /dev/null\nif [ $? != 0 ] ; then\n    # print error to STDERR\n    echo \"error: The sandbox is not in sync with the Podfile.lock. Run 'pod install' or update your CocoaPods installation.\" >&2\n    exit 1\nfi\n# This output is used by Xcode 'outputs' to avoid re-running this script phase.\necho \"SUCCESS\" > \"${SCRIPT_OUTPUT_FILE_0}\"\n";
			showEnvVarsInLog = 0;
		};
		3498525D94965A40577630D5 /* [CP] Copy Pods Resources */ = {
			isa = PBXShellScriptBuildPhase;
			buildActionMask = 2147483647;
			files = (
			);
			inputPaths = (
			);
			name = "[CP] Copy Pods Resources";
			outputPaths = (
			);
			runOnlyForDeploymentPostprocessing = 0;
			shellPath = /bin/sh;
			shellScript = "\"${SRCROOT}/Pods/Target Support Files/Pods-FringeApp-iOSUITests/Pods-FringeApp-iOSUITests-resources.sh\"\n";
			showEnvVarsInLog = 0;
		};
		73231C192D8F807882853115 /* [CP] Embed Pods Frameworks */ = {
			isa = PBXShellScriptBuildPhase;
			buildActionMask = 2147483647;
			files = (
			);
			inputPaths = (
				"${SRCROOT}/Pods/Target Support Files/Pods-FringeApp-iOS/Pods-FringeApp-iOS-frameworks.sh",
				"${BUILT_PRODUCTS_DIR}/Turbolinks/Turbolinks.framework",
			);
			name = "[CP] Embed Pods Frameworks";
			outputPaths = (
				"${TARGET_BUILD_DIR}/${FRAMEWORKS_FOLDER_PATH}/Turbolinks.framework",
			);
			runOnlyForDeploymentPostprocessing = 0;
			shellPath = /bin/sh;
			shellScript = "\"${SRCROOT}/Pods/Target Support Files/Pods-FringeApp-iOS/Pods-FringeApp-iOS-frameworks.sh\"\n";
			showEnvVarsInLog = 0;
		};
		74D56BA7545ECA5665723B12 /* [CP] Copy Pods Resources */ = {
			isa = PBXShellScriptBuildPhase;
			buildActionMask = 2147483647;
			files = (
			);
			inputPaths = (
			);
			name = "[CP] Copy Pods Resources";
			outputPaths = (
			);
			runOnlyForDeploymentPostprocessing = 0;
			shellPath = /bin/sh;
			shellScript = "\"${SRCROOT}/Pods/Target Support Files/Pods-FringeApp-iOS/Pods-FringeApp-iOS-resources.sh\"\n";
			showEnvVarsInLog = 0;
		};
		74D861DDC4B8DAC934E57F8F /* [CP] Embed Pods Frameworks */ = {
			isa = PBXShellScriptBuildPhase;
			buildActionMask = 2147483647;
			files = (
			);
			inputPaths = (
			);
			name = "[CP] Embed Pods Frameworks";
			outputPaths = (
			);
			runOnlyForDeploymentPostprocessing = 0;
			shellPath = /bin/sh;
			shellScript = "\"${SRCROOT}/Pods/Target Support Files/Pods-FringeApp-iOSTests/Pods-FringeApp-iOSTests-frameworks.sh\"\n";
			showEnvVarsInLog = 0;
		};
		8D7DCDD048D0557E40B01D4E /* [CP] Check Pods Manifest.lock */ = {
			isa = PBXShellScriptBuildPhase;
			buildActionMask = 2147483647;
			files = (
			);
			inputPaths = (
				"${PODS_PODFILE_DIR_PATH}/Podfile.lock",
				"${PODS_ROOT}/Manifest.lock",
			);
			name = "[CP] Check Pods Manifest.lock";
			outputPaths = (
				"$(DERIVED_FILE_DIR)/Pods-FringeApp-iOS-checkManifestLockResult.txt",
			);
			runOnlyForDeploymentPostprocessing = 0;
			shellPath = /bin/sh;
			shellScript = "diff \"${PODS_PODFILE_DIR_PATH}/Podfile.lock\" \"${PODS_ROOT}/Manifest.lock\" > /dev/null\nif [ $? != 0 ] ; then\n    # print error to STDERR\n    echo \"error: The sandbox is not in sync with the Podfile.lock. Run 'pod install' or update your CocoaPods installation.\" >&2\n    exit 1\nfi\n# This output is used by Xcode 'outputs' to avoid re-running this script phase.\necho \"SUCCESS\" > \"${SCRIPT_OUTPUT_FILE_0}\"\n";
			showEnvVarsInLog = 0;
		};
		A4DD643944975F29A83F23E4 /* [CP] Check Pods Manifest.lock */ = {
			isa = PBXShellScriptBuildPhase;
			buildActionMask = 2147483647;
			files = (
			);
			inputPaths = (
				"${PODS_PODFILE_DIR_PATH}/Podfile.lock",
				"${PODS_ROOT}/Manifest.lock",
			);
			name = "[CP] Check Pods Manifest.lock";
			outputPaths = (
				"$(DERIVED_FILE_DIR)/Pods-FringeApp-iOSUITests-checkManifestLockResult.txt",
			);
			runOnlyForDeploymentPostprocessing = 0;
			shellPath = /bin/sh;
			shellScript = "diff \"${PODS_PODFILE_DIR_PATH}/Podfile.lock\" \"${PODS_ROOT}/Manifest.lock\" > /dev/null\nif [ $? != 0 ] ; then\n    # print error to STDERR\n    echo \"error: The sandbox is not in sync with the Podfile.lock. Run 'pod install' or update your CocoaPods installation.\" >&2\n    exit 1\nfi\n# This output is used by Xcode 'outputs' to avoid re-running this script phase.\necho \"SUCCESS\" > \"${SCRIPT_OUTPUT_FILE_0}\"\n";
			showEnvVarsInLog = 0;
		};
		FC01AC901CF6E68F23A93161 /* [CP] Embed Pods Frameworks */ = {
			isa = PBXShellScriptBuildPhase;
			buildActionMask = 2147483647;
			files = (
			);
			inputPaths = (
			);
			name = "[CP] Embed Pods Frameworks";
			outputPaths = (
			);
			runOnlyForDeploymentPostprocessing = 0;
			shellPath = /bin/sh;
			shellScript = "\"${SRCROOT}/Pods/Target Support Files/Pods-FringeApp-iOSUITests/Pods-FringeApp-iOSUITests-frameworks.sh\"\n";
			showEnvVarsInLog = 0;
		};
		FF81B6D3F4BA33E37E31C478 /* [CP] Copy Pods Resources */ = {
			isa = PBXShellScriptBuildPhase;
			buildActionMask = 2147483647;
			files = (
			);
			inputPaths = (
			);
			name = "[CP] Copy Pods Resources";
			outputPaths = (
			);
			runOnlyForDeploymentPostprocessing = 0;
			shellPath = /bin/sh;
			shellScript = "\"${SRCROOT}/Pods/Target Support Files/Pods-FringeApp-iOSTests/Pods-FringeApp-iOSTests-resources.sh\"\n";
			showEnvVarsInLog = 0;
		};
/* End PBXShellScriptBuildPhase section */

/* Begin PBXSourcesBuildPhase section */
		D08156F6202BD47A008DB5D6 /* Sources */ = {
			isa = PBXSourcesBuildPhase;
			buildActionMask = 2147483647;
			files = (
				D0815700202BD47A008DB5D6 /* ViewController.swift in Sources */,
				D08156FE202BD47A008DB5D6 /* AppDelegate.swift in Sources */,
			);
			runOnlyForDeploymentPostprocessing = 0;
		};
		D081570A202BD47A008DB5D6 /* Sources */ = {
			isa = PBXSourcesBuildPhase;
			buildActionMask = 2147483647;
			files = (
				D0815713202BD47A008DB5D6 /* FringeApp_iOSTests.swift in Sources */,
			);
			runOnlyForDeploymentPostprocessing = 0;
		};
		D0815715202BD47A008DB5D6 /* Sources */ = {
			isa = PBXSourcesBuildPhase;
			buildActionMask = 2147483647;
			files = (
				D081571E202BD47A008DB5D6 /* FringeApp_iOSUITests.swift in Sources */,
			);
			runOnlyForDeploymentPostprocessing = 0;
		};
/* End PBXSourcesBuildPhase section */

/* Begin PBXTargetDependency section */
		D0815710202BD47A008DB5D6 /* PBXTargetDependency */ = {
			isa = PBXTargetDependency;
			target = D08156F9202BD47A008DB5D6 /* FringeApp-iOS */;
			targetProxy = D081570F202BD47A008DB5D6 /* PBXContainerItemProxy */;
		};
		D081571B202BD47A008DB5D6 /* PBXTargetDependency */ = {
			isa = PBXTargetDependency;
			target = D08156F9202BD47A008DB5D6 /* FringeApp-iOS */;
			targetProxy = D081571A202BD47A008DB5D6 /* PBXContainerItemProxy */;
		};
/* End PBXTargetDependency section */

/* Begin PBXVariantGroup section */
		D0815701202BD47A008DB5D6 /* Main.storyboard */ = {
			isa = PBXVariantGroup;
			children = (
				D0815702202BD47A008DB5D6 /* Base */,
			);
			name = Main.storyboard;
			sourceTree = "<group>";
		};
		D0815706202BD47A008DB5D6 /* LaunchScreen.storyboard */ = {
			isa = PBXVariantGroup;
			children = (
				D0815707202BD47A008DB5D6 /* Base */,
			);
			name = LaunchScreen.storyboard;
			sourceTree = "<group>";
		};
/* End PBXVariantGroup section */

/* Begin XCBuildConfiguration section */
		D0815720202BD47A008DB5D6 /* Debug */ = {
			isa = XCBuildConfiguration;
			buildSettings = {
				ALWAYS_SEARCH_USER_PATHS = NO;
				CLANG_ANALYZER_NONNULL = YES;
				CLANG_ANALYZER_NUMBER_OBJECT_CONVERSION = YES_AGGRESSIVE;
				CLANG_CXX_LANGUAGE_STANDARD = "gnu++14";
				CLANG_CXX_LIBRARY = "libc++";
				CLANG_ENABLE_MODULES = YES;
				CLANG_ENABLE_OBJC_ARC = YES;
				CLANG_WARN_BLOCK_CAPTURE_AUTORELEASING = YES;
				CLANG_WARN_BOOL_CONVERSION = YES;
				CLANG_WARN_COMMA = YES;
				CLANG_WARN_CONSTANT_CONVERSION = YES;
				CLANG_WARN_DIRECT_OBJC_ISA_USAGE = YES_ERROR;
				CLANG_WARN_DOCUMENTATION_COMMENTS = YES;
				CLANG_WARN_EMPTY_BODY = YES;
				CLANG_WARN_ENUM_CONVERSION = YES;
				CLANG_WARN_INFINITE_RECURSION = YES;
				CLANG_WARN_INT_CONVERSION = YES;
				CLANG_WARN_NON_LITERAL_NULL_CONVERSION = YES;
				CLANG_WARN_OBJC_LITERAL_CONVERSION = YES;
				CLANG_WARN_OBJC_ROOT_CLASS = YES_ERROR;
				CLANG_WARN_RANGE_LOOP_ANALYSIS = YES;
				CLANG_WARN_STRICT_PROTOTYPES = YES;
				CLANG_WARN_SUSPICIOUS_MOVE = YES;
				CLANG_WARN_UNGUARDED_AVAILABILITY = YES_AGGRESSIVE;
				CLANG_WARN_UNREACHABLE_CODE = YES;
				CLANG_WARN__DUPLICATE_METHOD_MATCH = YES;
				CODE_SIGN_IDENTITY = "iPhone Developer";
				COPY_PHASE_STRIP = NO;
				DEBUG_INFORMATION_FORMAT = dwarf;
				ENABLE_STRICT_OBJC_MSGSEND = YES;
				ENABLE_TESTABILITY = YES;
				GCC_C_LANGUAGE_STANDARD = gnu11;
				GCC_DYNAMIC_NO_PIC = NO;
				GCC_NO_COMMON_BLOCKS = YES;
				GCC_OPTIMIZATION_LEVEL = 0;
				GCC_PREPROCESSOR_DEFINITIONS = (
					"DEBUG=1",
					"$(inherited)",
				);
				GCC_WARN_64_TO_32_BIT_CONVERSION = YES;
				GCC_WARN_ABOUT_RETURN_TYPE = YES_ERROR;
				GCC_WARN_UNDECLARED_SELECTOR = YES;
				GCC_WARN_UNINITIALIZED_AUTOS = YES_AGGRESSIVE;
				GCC_WARN_UNUSED_FUNCTION = YES;
				GCC_WARN_UNUSED_VARIABLE = YES;
				IPHONEOS_DEPLOYMENT_TARGET = 11.2;
				MTL_ENABLE_DEBUG_INFO = YES;
				ONLY_ACTIVE_ARCH = YES;
				SDKROOT = iphoneos;
				SWIFT_ACTIVE_COMPILATION_CONDITIONS = DEBUG;
				SWIFT_OPTIMIZATION_LEVEL = "-Onone";
			};
			name = Debug;
		};
		D0815721202BD47A008DB5D6 /* Release */ = {
			isa = XCBuildConfiguration;
			buildSettings = {
				ALWAYS_SEARCH_USER_PATHS = NO;
				CLANG_ANALYZER_NONNULL = YES;
				CLANG_ANALYZER_NUMBER_OBJECT_CONVERSION = YES_AGGRESSIVE;
				CLANG_CXX_LANGUAGE_STANDARD = "gnu++14";
				CLANG_CXX_LIBRARY = "libc++";
				CLANG_ENABLE_MODULES = YES;
				CLANG_ENABLE_OBJC_ARC = YES;
				CLANG_WARN_BLOCK_CAPTURE_AUTORELEASING = YES;
				CLANG_WARN_BOOL_CONVERSION = YES;
				CLANG_WARN_COMMA = YES;
				CLANG_WARN_CONSTANT_CONVERSION = YES;
				CLANG_WARN_DIRECT_OBJC_ISA_USAGE = YES_ERROR;
				CLANG_WARN_DOCUMENTATION_COMMENTS = YES;
				CLANG_WARN_EMPTY_BODY = YES;
				CLANG_WARN_ENUM_CONVERSION = YES;
				CLANG_WARN_INFINITE_RECURSION = YES;
				CLANG_WARN_INT_CONVERSION = YES;
				CLANG_WARN_NON_LITERAL_NULL_CONVERSION = YES;
				CLANG_WARN_OBJC_LITERAL_CONVERSION = YES;
				CLANG_WARN_OBJC_ROOT_CLASS = YES_ERROR;
				CLANG_WARN_RANGE_LOOP_ANALYSIS = YES;
				CLANG_WARN_STRICT_PROTOTYPES = YES;
				CLANG_WARN_SUSPICIOUS_MOVE = YES;
				CLANG_WARN_UNGUARDED_AVAILABILITY = YES_AGGRESSIVE;
				CLANG_WARN_UNREACHABLE_CODE = YES;
				CLANG_WARN__DUPLICATE_METHOD_MATCH = YES;
				CODE_SIGN_IDENTITY = "iPhone Developer";
				COPY_PHASE_STRIP = NO;
				DEBUG_INFORMATION_FORMAT = "dwarf-with-dsym";
				ENABLE_NS_ASSERTIONS = NO;
				ENABLE_STRICT_OBJC_MSGSEND = YES;
				GCC_C_LANGUAGE_STANDARD = gnu11;
				GCC_NO_COMMON_BLOCKS = YES;
				GCC_WARN_64_TO_32_BIT_CONVERSION = YES;
				GCC_WARN_ABOUT_RETURN_TYPE = YES_ERROR;
				GCC_WARN_UNDECLARED_SELECTOR = YES;
				GCC_WARN_UNINITIALIZED_AUTOS = YES_AGGRESSIVE;
				GCC_WARN_UNUSED_FUNCTION = YES;
				GCC_WARN_UNUSED_VARIABLE = YES;
				IPHONEOS_DEPLOYMENT_TARGET = 11.2;
				MTL_ENABLE_DEBUG_INFO = NO;
				SDKROOT = iphoneos;
				SWIFT_OPTIMIZATION_LEVEL = "-Owholemodule";
				VALIDATE_PRODUCT = YES;
			};
			name = Release;
		};
		D0815723202BD47A008DB5D6 /* Debug */ = {
			isa = XCBuildConfiguration;
			baseConfigurationReference = C850FC6FAAA0B0935F6253C3 /* Pods-FringeApp-iOS.debug.xcconfig */;
			buildSettings = {
				ASSETCATALOG_COMPILER_APPICON_NAME = AppIcon;
				CODE_SIGN_STYLE = Automatic;
				DEVELOPMENT_TEAM = L8A49856E9;
				INFOPLIST_FILE = "FringeApp-iOS/Info.plist";
				LD_RUNPATH_SEARCH_PATHS = "$(inherited) @executable_path/Frameworks";
				PRODUCT_BUNDLE_IDENTIFIER = "com.peter.singh.fringeapp.FringeApp-iOS";
				PRODUCT_NAME = "$(TARGET_NAME)";
				SWIFT_VERSION = 4.0;
				TARGETED_DEVICE_FAMILY = "1,2";
			};
			name = Debug;
		};
		D0815724202BD47A008DB5D6 /* Release */ = {
			isa = XCBuildConfiguration;
			baseConfigurationReference = 7AE33A3DD7CDB560544C6BF3 /* Pods-FringeApp-iOS.release.xcconfig */;
			buildSettings = {
				ASSETCATALOG_COMPILER_APPICON_NAME = AppIcon;
				CODE_SIGN_STYLE = Automatic;
				DEVELOPMENT_TEAM = L8A49856E9;
				INFOPLIST_FILE = "FringeApp-iOS/Info.plist";
				LD_RUNPATH_SEARCH_PATHS = "$(inherited) @executable_path/Frameworks";
				PRODUCT_BUNDLE_IDENTIFIER = "com.peter.singh.fringeapp.FringeApp-iOS";
				PRODUCT_NAME = "$(TARGET_NAME)";
				SWIFT_VERSION = 4.0;
				TARGETED_DEVICE_FAMILY = "1,2";
			};
			name = Release;
		};
		D0815726202BD47A008DB5D6 /* Debug */ = {
			isa = XCBuildConfiguration;
			baseConfigurationReference = 9DE7A81F92AF58DDD8D1D9C0 /* Pods-FringeApp-iOSTests.debug.xcconfig */;
			buildSettings = {
				ALWAYS_EMBED_SWIFT_STANDARD_LIBRARIES = YES;
				BUNDLE_LOADER = "$(TEST_HOST)";
				CODE_SIGN_STYLE = Automatic;
				DEVELOPMENT_TEAM = L8A49856E9;
				INFOPLIST_FILE = "FringeApp-iOSTests/Info.plist";
				LD_RUNPATH_SEARCH_PATHS = "$(inherited) @executable_path/Frameworks @loader_path/Frameworks";
				PRODUCT_BUNDLE_IDENTIFIER = "com.peter.singh.fringeapp.FringeApp-iOSTests";
				PRODUCT_NAME = "$(TARGET_NAME)";
				SWIFT_VERSION = 4.0;
				TARGETED_DEVICE_FAMILY = "1,2";
				TEST_HOST = "$(BUILT_PRODUCTS_DIR)/FringeApp-iOS.app/FringeApp-iOS";
			};
			name = Debug;
		};
		D0815727202BD47A008DB5D6 /* Release */ = {
			isa = XCBuildConfiguration;
			baseConfigurationReference = DF7263ACADE0AB18EE007B6E /* Pods-FringeApp-iOSTests.release.xcconfig */;
			buildSettings = {
				ALWAYS_EMBED_SWIFT_STANDARD_LIBRARIES = YES;
				BUNDLE_LOADER = "$(TEST_HOST)";
				CODE_SIGN_STYLE = Automatic;
				DEVELOPMENT_TEAM = L8A49856E9;
				INFOPLIST_FILE = "FringeApp-iOSTests/Info.plist";
				LD_RUNPATH_SEARCH_PATHS = "$(inherited) @executable_path/Frameworks @loader_path/Frameworks";
				PRODUCT_BUNDLE_IDENTIFIER = "com.peter.singh.fringeapp.FringeApp-iOSTests";
				PRODUCT_NAME = "$(TARGET_NAME)";
				SWIFT_VERSION = 4.0;
				TARGETED_DEVICE_FAMILY = "1,2";
				TEST_HOST = "$(BUILT_PRODUCTS_DIR)/FringeApp-iOS.app/FringeApp-iOS";
			};
			name = Release;
		};
		D0815729202BD47A008DB5D6 /* Debug */ = {
			isa = XCBuildConfiguration;
			baseConfigurationReference = 2D04235F307316A9D693B3B7 /* Pods-FringeApp-iOSUITests.debug.xcconfig */;
			buildSettings = {
				ALWAYS_EMBED_SWIFT_STANDARD_LIBRARIES = YES;
				CODE_SIGN_STYLE = Automatic;
				DEVELOPMENT_TEAM = L8A49856E9;
				INFOPLIST_FILE = "FringeApp-iOSUITests/Info.plist";
				LD_RUNPATH_SEARCH_PATHS = "$(inherited) @executable_path/Frameworks @loader_path/Frameworks";
				PRODUCT_BUNDLE_IDENTIFIER = "com.peter.singh.fringeapp.FringeApp-iOSUITests";
				PRODUCT_NAME = "$(TARGET_NAME)";
				SWIFT_VERSION = 4.0;
				TARGETED_DEVICE_FAMILY = "1,2";
				TEST_TARGET_NAME = "FringeApp-iOS";
			};
			name = Debug;
		};
		D081572A202BD47A008DB5D6 /* Release */ = {
			isa = XCBuildConfiguration;
			baseConfigurationReference = 8DDB69208EDBC540CEBC7369 /* Pods-FringeApp-iOSUITests.release.xcconfig */;
			buildSettings = {
				ALWAYS_EMBED_SWIFT_STANDARD_LIBRARIES = YES;
				CODE_SIGN_STYLE = Automatic;
				DEVELOPMENT_TEAM = L8A49856E9;
				INFOPLIST_FILE = "FringeApp-iOSUITests/Info.plist";
				LD_RUNPATH_SEARCH_PATHS = "$(inherited) @executable_path/Frameworks @loader_path/Frameworks";
				PRODUCT_BUNDLE_IDENTIFIER = "com.peter.singh.fringeapp.FringeApp-iOSUITests";
				PRODUCT_NAME = "$(TARGET_NAME)";
				SWIFT_VERSION = 4.0;
				TARGETED_DEVICE_FAMILY = "1,2";
				TEST_TARGET_NAME = "FringeApp-iOS";
			};
			name = Release;
		};
/* End XCBuildConfiguration section */

/* Begin XCConfigurationList section */
		D08156F5202BD47A008DB5D6 /* Build configuration list for PBXProject "FringeApp-iOS" */ = {
			isa = XCConfigurationList;
			buildConfigurations = (
				D0815720202BD47A008DB5D6 /* Debug */,
				D0815721202BD47A008DB5D6 /* Release */,
			);
			defaultConfigurationIsVisible = 0;
			defaultConfigurationName = Release;
		};
		D0815722202BD47A008DB5D6 /* Build configuration list for PBXNativeTarget "FringeApp-iOS" */ = {
			isa = XCConfigurationList;
			buildConfigurations = (
				D0815723202BD47A008DB5D6 /* Debug */,
				D0815724202BD47A008DB5D6 /* Release */,
			);
			defaultConfigurationIsVisible = 0;
			defaultConfigurationName = Release;
		};
		D0815725202BD47A008DB5D6 /* Build configuration list for PBXNativeTarget "FringeApp-iOSTests" */ = {
			isa = XCConfigurationList;
			buildConfigurations = (
				D0815726202BD47A008DB5D6 /* Debug */,
				D0815727202BD47A008DB5D6 /* Release */,
			);
			defaultConfigurationIsVisible = 0;
			defaultConfigurationName = Release;
		};
		D0815728202BD47A008DB5D6 /* Build configuration list for PBXNativeTarget "FringeApp-iOSUITests" */ = {
			isa = XCConfigurationList;
			buildConfigurations = (
				D0815729202BD47A008DB5D6 /* Debug */,
				D081572A202BD47A008DB5D6 /* Release */,
			);
			defaultConfigurationIsVisible = 0;
			defaultConfigurationName = Release;
		};
/* End XCConfigurationList section */
	};
	rootObject = D08156F2202BD47A008DB5D6 /* Project object */;
}
